Microsoft Visual Studio Solution File, Format Version 12.00
# Visual Studio Version 17
VisualStudioVersion = 17.5.2.0
MinimumVisualStudioVersion = 10.0.40219.1
Project("{2150E333-8FDC-42A3-9474-1A3956D46DE8}") = "be", "be", "{925EF7A6-BD2D-FD16-DA9B-B4A434F89C38}"
EndProject
Project("{2150E333-8FDC-42A3-9474-1A3956D46DE8}") = "supports", "supports", "{6939B314-D3B4-C33B-5397-68B81B6055FD}"
EndProject
Project("{FAE04EC0-301F-11D3-BF4B-00C04F79EFBC}") = "GradingSystem.Api", "be\GradingSystem.Api\GradingSystem.Api.csproj", "{909F6C3A-B0DA-C535-77F3-DC90567343B1}"
EndProject
Project("{FAE04EC0-301F-11D3-BF4B-00C04F79EFBC}") = "GradingSystem.Application", "be\GradingSystem.Application\GradingSystem.Application.csproj", "{03827A1E-55DC-69B0-E18E-59C8CD7B475B}"
EndProject
Project("{FAE04EC0-301F-11D3-BF4B-00C04F79EFBC}") = "GradingSystem.Domain", "be\GradingSystem.Domain\GradingSystem.Domain.csproj", "{6A0E8227-F863-8BE3-BCED-1E6B3CEAEEFB}"
EndProject
Project("{FAE04EC0-301F-11D3-BF4B-00C04F79EFBC}") = "GradingSystem.Infrastructure", "be\GradingSystem.Infrastructure\GradingSystem.Infrastructure.csproj", "{9329D457-B476-0379-6138-A72CF71163F5}"
EndProject
Project("{FAE04EC0-301F-11D3-BF4B-00C04F79EFBC}") = "GradingSystem.Worker", "be\GradingSystem.Worker\GradingSystem.Worker.csproj", "{2D63DFAF-FD93-3217-395A-74569E24597D}"
EndProject
Project("{2150E333-8FDC-42A3-9474-1A3956D46DE8}") = "given", "given", "{83B146B4-7842-8315-64B4-457B1A90F22D}"
EndProject
Project("{2150E333-8FDC-42A3-9474-1A3956D46DE8}") = "givenAPI", "givenAPI", "{A62CF296-10E9-1BFC-8394-9FB71BC55C78}"
EndProject
Project("{FAE04EC0-301F-11D3-BF4B-00C04F79EFBC}") = "givenAPI", "supports\given\givenAPI\givenAPI\givenAPI.csproj", "{DF44D66A-68CA-8AEE-1FCF-333CC8FBD084}"
EndProject
Project("{2150E333-8FDC-42A3-9474-1A3956D46DE8}") = "storage", "storage", "{88737CE1-0AC5-8B29-89ED-A6751A79556D}"
EndProject
Project("{2150E333-8FDC-42A3-9474-1A3956D46DE8}") = "sandbox", "sandbox", "{90E0E0D4-5887-E35E-1E1F-41FC0AFAF1A0}"
EndProject
Project("{2150E333-8FDC-42A3-9474-1A3956D46DE8}") = "07f96b83-ca99-4fb5-9459-a733928e57a7", "07f96b83-ca99-4fb5-9459-a733928e57a7", "{76C07A2B-3080-4CED-C235-FFFF57DDA8EC}"
EndProject
Project("{2150E333-8FDC-42A3-9474-1A3956D46DE8}") = "given", "given", "{AC357575-283D-E3DB-CCFC-B4DE865E6EC0}"
EndProject
Project("{2150E333-8FDC-42A3-9474-1A3956D46DE8}") = "givenAPI", "givenAPI", "{4A042CB2-24D7-AF77-6346-C219B98FBB03}"
EndProject
Project("{FAE04EC0-301F-11D3-BF4B-00C04F79EFBC}") = "givenAPI", "be\storage\sandbox\07f96b83-ca99-4fb5-9459-a733928e57a7\given\givenAPI\givenAPI\givenAPI.csproj", "{EC2BC126-762A-6957-2E8B-2BF561310C62}"
EndProject
Project("{2150E333-8FDC-42A3-9474-1A3956D46DE8}") = "08b814e4-4bcb-4bb5-93bf-f94422f0c0d6", "08b814e4-4bcb-4bb5-93bf-f94422f0c0d6", "{42081B46-8CEC-86D3-2CDB-D6A49BD381F2}"
EndProject
Project("{2150E333-8FDC-42A3-9474-1A3956D46DE8}") = "given", "given", "{8D4E8A0D-3C2A-8716-E120-B36A5771C6BF}"
EndProject
Project("{2150E333-8FDC-42A3-9474-1A3956D46DE8}") = "givenAPI", "givenAPI", "{A78558D3-CF85-DC1B-1BE3-582973E578A1}"
EndProject
Project("{FAE04EC0-301F-11D3-BF4B-00C04F79EFBC}") = "givenAPI", "be\storage\sandbox\08b814e4-4bcb-4bb5-93bf-f94422f0c0d6\given\givenAPI\givenAPI\givenAPI.csproj", "{7621D5AF-EED5-0BB5-D05A-E903398D4E7D}"
EndProject
Project("{2150E333-8FDC-42A3-9474-1A3956D46DE8}") = "26a8460f-55f4-45d0-9028-46d5ad9f911f", "26a8460f-55f4-45d0-9028-46d5ad9f911f", "{D5CBE25F-7D60-B8DC-871C-2933DE27A705}"
EndProject
Project("{2150E333-8FDC-42A3-9474-1A3956D46DE8}") = "given", "given", "{6379D86C-250A-2BFA-B530-37B2805BE690}"
EndProject
Project("{2150E333-8FDC-42A3-9474-1A3956D46DE8}") = "givenAPI", "givenAPI", "{9E5E97FB-0C53-10DA-2656-68178EA25ABD}"
EndProject
Project("{FAE04EC0-301F-11D3-BF4B-00C04F79EFBC}") = "givenAPI", "be\storage\sandbox\26a8460f-55f4-45d0-9028-46d5ad9f911f\given\givenAPI\givenAPI\givenAPI.csproj", "{9E9286CC-611A-2A28-C907-2706D49FE612}"
EndProject
Project("{2150E333-8FDC-42A3-9474-1A3956D46DE8}") = "27cf7c1d-7f96-463b-9a12-76d769c4eeae", "27cf7c1d-7f96-463b-9a12-76d769c4eeae", "{54B46DF4-8BE3-E87C-A798-F30CFF7E7686}"
EndProject
Project("{2150E333-8FDC-42A3-9474-1A3956D46DE8}") = "given", "given", "{4FBD4715-2D26-4ED6-F3A4-5CBF0F73719B}"
EndProject
Project("{2150E333-8FDC-42A3-9474-1A3956D46DE8}") = "givenAPI", "givenAPI", "{AA4EAC65-FFE2-7CAD-7A3C-F6777376ABE1}"
EndProject
Project("{FAE04EC0-301F-11D3-BF4B-00C04F79EFBC}") = "givenAPI", "be\storage\sandbox\27cf7c1d-7f96-463b-9a12-76d769c4eeae\given\givenAPI\givenAPI\givenAPI.csproj", "{B5553130-5D4B-6659-BF9D-4C53E0145402}"
EndProject
Project("{2150E333-8FDC-42A3-9474-1A3956D46DE8}") = "36634610-668b-46e3-9fd3-81e05e3b92c2", "36634610-668b-46e3-9fd3-81e05e3b92c2", "{32BC74E0-B613-1FE0-807C-FE0FF646E8B0}"
EndProject
Project("{2150E333-8FDC-42A3-9474-1A3956D46DE8}") = "given", "given", "{A5006822-F558-DE7F-35E9-AC1CD5D13799}"
EndProject
Project("{2150E333-8FDC-42A3-9474-1A3956D46DE8}") = "givenAPI", "givenAPI", "{A65A593C-A91D-4552-85A2-2CD73867293D}"
EndProject
Project("{FAE04EC0-301F-11D3-BF4B-00C04F79EFBC}") = "givenAPI", "be\storage\sandbox\36634610-668b-46e3-9fd3-81e05e3b92c2\given\givenAPI\givenAPI\givenAPI.csproj", "{F38066F1-BCD4-BF3D-A4AC-39070F998B3C}"
EndProject
Project("{2150E333-8FDC-42A3-9474-1A3956D46DE8}") = "424d4fda-e47f-422e-9606-c75973913939", "424d4fda-e47f-422e-9606-c75973913939", "{220A76FE-1761-FE3E-06FA-0443FE3D8B9E}"
EndProject
Project("{2150E333-8FDC-42A3-9474-1A3956D46DE8}") = "given", "given", "{A96A0A28-FCF4-5DC1-3BD9-A5B9D28A897C}"
EndProject
Project("{2150E333-8FDC-42A3-9474-1A3956D46DE8}") = "givenAPI", "givenAPI", "{FAEB79A1-A9F2-9574-D4CF-B1DA84937646}"
EndProject
Project("{FAE04EC0-301F-11D3-BF4B-00C04F79EFBC}") = "givenAPI", "be\storage\sandbox\424d4fda-e47f-422e-9606-c75973913939\given\givenAPI\givenAPI\givenAPI.csproj", "{0BCCC84C-C8E4-FE6F-DF2F-5B6382EAB0F1}"
EndProject
Project("{2150E333-8FDC-42A3-9474-1A3956D46DE8}") = "473d4667-4908-4a0f-8276-aff1f91ed577", "473d4667-4908-4a0f-8276-aff1f91ed577", "{2F375DCB-28C6-6A95-5CA8-7B8AEA19B677}"
EndProject
Project("{2150E333-8FDC-42A3-9474-1A3956D46DE8}") = "given", "given", "{CA9D43C0-DEB2-FF58-6377-153B05C4AA6A}"
EndProject
Project("{2150E333-8FDC-42A3-9474-1A3956D46DE8}") = "givenAPI", "givenAPI", "{FB537884-02F4-DEEA-3B30-67E7D2DC22CC}"
EndProject
Project("{FAE04EC0-301F-11D3-BF4B-00C04F79EFBC}") = "givenAPI", "be\storage\sandbox\473d4667-4908-4a0f-8276-aff1f91ed577\given\givenAPI\givenAPI\givenAPI.csproj", "{51F8EDE9-8ECE-44C3-CA5C-E37BB910C249}"
EndProject
Project("{2150E333-8FDC-42A3-9474-1A3956D46DE8}") = "49f6b752-9351-4251-bc17-75ac206afc07", "49f6b752-9351-4251-bc17-75ac206afc07", "{0644BE42-D5CB-B235-266E-9D6E5816208A}"
EndProject
Project("{2150E333-8FDC-42A3-9474-1A3956D46DE8}") = "given", "given", "{719B4C2A-DC7C-AEE2-53F4-92032D1193D3}"
EndProject
Project("{2150E333-8FDC-42A3-9474-1A3956D46DE8}") = "givenAPI", "givenAPI", "{DA179B6C-1D9C-450A-DDD8-C4A9F32D6AA4}"
EndProject
Project("{FAE04EC0-301F-11D3-BF4B-00C04F79EFBC}") = "givenAPI", "be\storage\sandbox\49f6b752-9351-4251-bc17-75ac206afc07\given\givenAPI\givenAPI\givenAPI.csproj", "{81F3ACA4-4095-6AA9-0CBA-DA4F54901252}"
EndProject
Project("{2150E333-8FDC-42A3-9474-1A3956D46DE8}") = "5806fc0b-520e-43dc-93fa-141a97f37223", "5806fc0b-520e-43dc-93fa-141a97f37223", "{00817585-B730-A00E-5157-2DE2F33B42F1}"
EndProject
Project("{2150E333-8FDC-42A3-9474-1A3956D46DE8}") = "given", "given", "{F032D1A6-600D-B16E-EC5C-262ADE7E8027}"
EndProject
Project("{2150E333-8FDC-42A3-9474-1A3956D46DE8}") = "givenAPI", "givenAPI", "{6B514416-3965-870E-E41C-4E5817453DFC}"
EndProject
Project("{FAE04EC0-301F-11D3-BF4B-00C04F79EFBC}") = "givenAPI", "be\storage\sandbox\5806fc0b-520e-43dc-93fa-141a97f37223\given\givenAPI\givenAPI\givenAPI.csproj", "{60386787-5A37-DD0C-684B-BCE520D2500E}"
EndProject
Project("{2150E333-8FDC-42A3-9474-1A3956D46DE8}") = "707b2922-dbcd-4460-b22d-ed81a2ca7bd1", "707b2922-dbcd-4460-b22d-ed81a2ca7bd1", "{C7820B1D-F78A-C97A-1C1B-B95641782ADB}"
EndProject
Project("{2150E333-8FDC-42A3-9474-1A3956D46DE8}") = "given", "given", "{E88D5F18-41D5-F3F4-903A-3C200179D4AC}"
EndProject
Project("{2150E333-8FDC-42A3-9474-1A3956D46DE8}") = "givenAPI", "givenAPI", "{C92FD23D-1AD9-F4D3-43F4-4F4EFFEC58A8}"
EndProject
Project("{FAE04EC0-301F-11D3-BF4B-00C04F79EFBC}") = "givenAPI", "be\storage\sandbox\707b2922-dbcd-4460-b22d-ed81a2ca7bd1\given\givenAPI\givenAPI\givenAPI.csproj", "{6560970F-ED59-6FEE-9B8C-0D43B1713729}"
EndProject
Project("{2150E333-8FDC-42A3-9474-1A3956D46DE8}") = "7e8502d3-8a73-454a-81e2-29342891d535", "7e8502d3-8a73-454a-81e2-29342891d535", "{B58F6136-348A-9D90-0898-C9F31ED058C9}"
EndProject
Project("{2150E333-8FDC-42A3-9474-1A3956D46DE8}") = "given", "given", "{5ED649F6-CF32-CAF4-050D-514BEBB2A60A}"
EndProject
Project("{2150E333-8FDC-42A3-9474-1A3956D46DE8}") = "givenAPI", "givenAPI", "{5D4C5CCC-C42C-DA6A-946F-6CE6B57F5061}"
EndProject
Project("{FAE04EC0-301F-11D3-BF4B-00C04F79EFBC}") = "givenAPI", "be\storage\sandbox\7e8502d3-8a73-454a-81e2-29342891d535\given\givenAPI\givenAPI\givenAPI.csproj", "{DB4A7148-00FE-E851-31E1-DEC95DD1A076}"
EndProject
Project("{2150E333-8FDC-42A3-9474-1A3956D46DE8}") = "8c2e790b-ff71-473a-9e73-b02c29c61238", "8c2e790b-ff71-473a-9e73-b02c29c61238", "{50AD46BD-18E3-EEF4-9E4D-5EAACBF93A0D}"
EndProject
Project("{2150E333-8FDC-42A3-9474-1A3956D46DE8}") = "given", "given", "{DF7C2E32-2F82-A4B8-E4B1-A776F058BD64}"
EndProject
Project("{2150E333-8FDC-42A3-9474-1A3956D46DE8}") = "givenAPI", "givenAPI", "{25B3C4CB-6937-EA45-D3B7-4EEB9943ED49}"
EndProject
Project("{FAE04EC0-301F-11D3-BF4B-00C04F79EFBC}") = "givenAPI", "be\storage\sandbox\8c2e790b-ff71-473a-9e73-b02c29c61238\given\givenAPI\givenAPI\givenAPI.csproj", "{44A16530-A1A7-9EA8-F940-F37877BD7132}"
EndProject
Project("{2150E333-8FDC-42A3-9474-1A3956D46DE8}") = "926be5aa-5528-4b8d-a9e9-9dfe1d19447a", "926be5aa-5528-4b8d-a9e9-9dfe1d19447a", "{5435CD92-59DC-1811-D34F-2C618970237B}"
EndProject
Project("{2150E333-8FDC-42A3-9474-1A3956D46DE8}") = "given", "given", "{DAB0A71D-9AC0-A87B-8E7D-152794FF1F25}"
EndProject
Project("{2150E333-8FDC-42A3-9474-1A3956D46DE8}") = "givenAPI", "givenAPI", "{03E4489F-19EA-11ED-E4AD-E591F29F2CAC}"
EndProject
Project("{FAE04EC0-301F-11D3-BF4B-00C04F79EFBC}") = "givenAPI", "be\storage\sandbox\926be5aa-5528-4b8d-a9e9-9dfe1d19447a\given\givenAPI\givenAPI\givenAPI.csproj", "{64FD4F45-9087-9740-FCFC-7A11899B650D}"
EndProject
Project("{2150E333-8FDC-42A3-9474-1A3956D46DE8}") = "a677e32c-6441-46f0-a916-48409a5c0e7a", "a677e32c-6441-46f0-a916-48409a5c0e7a", "{DE02DDD9-07DC-2C01-29DA-4D8A39A11104}"
EndProject
Project("{2150E333-8FDC-42A3-9474-1A3956D46DE8}") = "given", "given", "{CFA329E4-ADE3-1CB0-B0D0-D65CBBE6FCB5}"
EndProject
Project("{2150E333-8FDC-42A3-9474-1A3956D46DE8}") = "givenAPI", "givenAPI", "{85E37805-2552-3AA5-90EA-43234B88AB65}"
EndProject
Project("{FAE04EC0-301F-11D3-BF4B-00C04F79EFBC}") = "givenAPI", "be\storage\sandbox\a677e32c-6441-46f0-a916-48409a5c0e7a\given\givenAPI\givenAPI\givenAPI.csproj", "{CDC89496-92ED-1519-90AF-AE381E2B1338}"
EndProject
Project("{2150E333-8FDC-42A3-9474-1A3956D46DE8}") = "a74074c5-653a-45e0-bb6f-5e2725ce4b75", "a74074c5-653a-45e0-bb6f-5e2725ce4b75", "{D69ECA31-CF17-CE84-BB76-C2D66A48F4D0}"
EndProject
Project("{2150E333-8FDC-42A3-9474-1A3956D46DE8}") = "given", "given", "{0AD786D7-1274-9A78-1D19-43ED3758C8CE}"
EndProject
Project("{2150E333-8FDC-42A3-9474-1A3956D46DE8}") = "givenAPI", "givenAPI", "{48FBF8CA-2F83-E81F-3C84-08189D3619EA}"
EndProject
Project("{FAE04EC0-301F-11D3-BF4B-00C04F79EFBC}") = "givenAPI", "be\storage\sandbox\a74074c5-653a-45e0-bb6f-5e2725ce4b75\given\givenAPI\givenAPI\givenAPI.csproj", "{401A4CF0-E148-5CC1-AD23-46B8F58536ED}"
EndProject
Project("{2150E333-8FDC-42A3-9474-1A3956D46DE8}") = "a7bcca40-3eef-43c4-b0f5-c67fb02fb339", "a7bcca40-3eef-43c4-b0f5-c67fb02fb339", "{53CCB036-886D-2BB1-47FE-64137F80E4E2}"
EndProject
Project("{2150E333-8FDC-42A3-9474-1A3956D46DE8}") = "given", "given", "{FC70DD1D-8241-ABC9-4D85-F5433BBDB398}"
EndProject
Project("{2150E333-8FDC-42A3-9474-1A3956D46DE8}") = "givenAPI", "givenAPI", "{5F43587A-C505-5F8D-34EC-6C71A321A097}"
EndProject
Project("{FAE04EC0-301F-11D3-BF4B-00C04F79EFBC}") = "givenAPI", "be\storage\sandbox\a7bcca40-3eef-43c4-b0f5-c67fb02fb339\given\givenAPI\givenAPI\givenAPI.csproj", "{E7B0F9F2-0069-16B4-ED17-4EED331B8631}"
EndProject
Project("{2150E333-8FDC-42A3-9474-1A3956D46DE8}") = "ab8a5c8a-14cf-46a6-bb77-9cd2c00e9f33", "ab8a5c8a-14cf-46a6-bb77-9cd2c00e9f33", "{B95DA11A-1DCC-B28E-E3E9-DE2C25EC2051}"
EndProject
Project("{2150E333-8FDC-42A3-9474-1A3956D46DE8}") = "given", "given", "{2AE3522A-FAED-1E42-00AF-E7FF485D1E9A}"
EndProject
Project("{2150E333-8FDC-42A3-9474-1A3956D46DE8}") = "givenAPI", "givenAPI", "{016BF06D-5563-B5B6-CDDD-1D9A023DAE18}"
EndProject
Project("{FAE04EC0-301F-11D3-BF4B-00C04F79EFBC}") = "givenAPI", "be\storage\sandbox\ab8a5c8a-14cf-46a6-bb77-9cd2c00e9f33\given\givenAPI\givenAPI\givenAPI.csproj", "{C51C971D-B629-B8EB-FC2A-430A807F03CE}"
EndProject
Project("{2150E333-8FDC-42A3-9474-1A3956D46DE8}") = "b40c5d4a-39d4-4c89-b59e-564140ed6dc5", "b40c5d4a-39d4-4c89-b59e-564140ed6dc5", "{FF32AB2C-1FAB-324F-EA62-6CEFD3E8F544}"
EndProject
Project("{2150E333-8FDC-42A3-9474-1A3956D46DE8}") = "given", "given", "{DEDD56F3-DF1C-F3DB-C85D-12207D194F65}"
EndProject
Project("{2150E333-8FDC-42A3-9474-1A3956D46DE8}") = "givenAPI", "givenAPI", "{75CC7B0F-5B3F-FA5C-B12E-135A1DC14B6C}"
EndProject
Project("{FAE04EC0-301F-11D3-BF4B-00C04F79EFBC}") = "givenAPI", "be\storage\sandbox\b40c5d4a-39d4-4c89-b59e-564140ed6dc5\given\givenAPI\givenAPI\givenAPI.csproj", "{A020D89B-E8C9-DCF9-A4E1-64E2FCF9F7B3}"
EndProject
Project("{2150E333-8FDC-42A3-9474-1A3956D46DE8}") = "c2a75981-49d6-47d7-a86b-9ad0b1d25af0", "c2a75981-49d6-47d7-a86b-9ad0b1d25af0", "{F417FDFA-39D5-B70A-1FAA-FB8340A97A64}"
EndProject
Project("{2150E333-8FDC-42A3-9474-1A3956D46DE8}") = "given", "given", "{27B6336E-7BF6-EEE8-758F-64AA994DB928}"
EndProject
Project("{2150E333-8FDC-42A3-9474-1A3956D46DE8}") = "givenAPI", "givenAPI", "{A4D8C659-7807-CC31-B32B-FF1D5441771C}"
EndProject
Project("{FAE04EC0-301F-11D3-BF4B-00C04F79EFBC}") = "givenAPI", "be\storage\sandbox\c2a75981-49d6-47d7-a86b-9ad0b1d25af0\given\givenAPI\givenAPI\givenAPI.csproj", "{F627EE5E-4509-7FD6-A255-AB496E2EA116}"
EndProject
Project("{2150E333-8FDC-42A3-9474-1A3956D46DE8}") = "e21a8e68-697e-48b9-baf2-279d803884a9", "e21a8e68-697e-48b9-baf2-279d803884a9", "{6D1451C8-859F-566C-0B92-57756AF6E6C2}"
EndProject
Project("{2150E333-8FDC-42A3-9474-1A3956D46DE8}") = "given", "given", "{447B5F19-DACA-426B-A395-7F15AA7E748C}"
EndProject
Project("{2150E333-8FDC-42A3-9474-1A3956D46DE8}") = "givenAPI", "givenAPI", "{630C4C63-E0DA-97A9-3C0B-BE5100EDC07A}"
EndProject
Project("{FAE04EC0-301F-11D3-BF4B-00C04F79EFBC}") = "givenAPI", "be\storage\sandbox\e21a8e68-697e-48b9-baf2-279d803884a9\given\givenAPI\givenAPI\givenAPI.csproj", "{0B95C873-5ED8-C2AC-529C-9FFC5693075B}"
EndProject
Global
	GlobalSection(SolutionConfigurationPlatforms) = preSolution
		Debug|Any CPU = Debug|Any CPU
		Release|Any CPU = Release|Any CPU
	EndGlobalSection
	GlobalSection(ProjectConfigurationPlatforms) = postSolution
		{909F6C3A-B0DA-C535-77F3-DC90567343B1}.Debug|Any CPU.ActiveCfg = Debug|Any CPU
		{909F6C3A-B0DA-C535-77F3-DC90567343B1}.Debug|Any CPU.Build.0 = Debug|Any CPU
		{909F6C3A-B0DA-C535-77F3-DC90567343B1}.Release|Any CPU.ActiveCfg = Release|Any CPU
		{909F6C3A-B0DA-C535-77F3-DC90567343B1}.Release|Any CPU.Build.0 = Release|Any CPU
		{03827A1E-55DC-69B0-E18E-59C8CD7B475B}.Debug|Any CPU.ActiveCfg = Debug|Any CPU
		{03827A1E-55DC-69B0-E18E-59C8CD7B475B}.Debug|Any CPU.Build.0 = Debug|Any CPU
		{03827A1E-55DC-69B0-E18E-59C8CD7B475B}.Release|Any CPU.ActiveCfg = Release|Any CPU
		{03827A1E-55DC-69B0-E18E-59C8CD7B475B}.Release|Any CPU.Build.0 = Release|Any CPU
		{6A0E8227-F863-8BE3-BCED-1E6B3CEAEEFB}.Debug|Any CPU.ActiveCfg = Debug|Any CPU
		{6A0E8227-F863-8BE3-BCED-1E6B3CEAEEFB}.Debug|Any CPU.Build.0 = Debug|Any CPU
		{6A0E8227-F863-8BE3-BCED-1E6B3CEAEEFB}.Release|Any CPU.ActiveCfg = Release|Any CPU
		{6A0E8227-F863-8BE3-BCED-1E6B3CEAEEFB}.Release|Any CPU.Build.0 = Release|Any CPU
		{9329D457-B476-0379-6138-A72CF71163F5}.Debug|Any CPU.ActiveCfg = Debug|Any CPU
		{9329D457-B476-0379-6138-A72CF71163F5}.Debug|Any CPU.Build.0 = Debug|Any CPU
		{9329D457-B476-0379-6138-A72CF71163F5}.Release|Any CPU.ActiveCfg = Release|Any CPU
		{9329D457-B476-0379-6138-A72CF71163F5}.Release|Any CPU.Build.0 = Release|Any CPU
		{2D63DFAF-FD93-3217-395A-74569E24597D}.Debug|Any CPU.ActiveCfg = Debug|Any CPU
		{2D63DFAF-FD93-3217-395A-74569E24597D}.Debug|Any CPU.Build.0 = Debug|Any CPU
		{2D63DFAF-FD93-3217-395A-74569E24597D}.Release|Any CPU.ActiveCfg = Release|Any CPU
		{2D63DFAF-FD93-3217-395A-74569E24597D}.Release|Any CPU.Build.0 = Release|Any CPU
		{DF44D66A-68CA-8AEE-1FCF-333CC8FBD084}.Debug|Any CPU.ActiveCfg = Debug|Any CPU
		{DF44D66A-68CA-8AEE-1FCF-333CC8FBD084}.Debug|Any CPU.Build.0 = Debug|Any CPU
		{DF44D66A-68CA-8AEE-1FCF-333CC8FBD084}.Release|Any CPU.ActiveCfg = Release|Any CPU
		{DF44D66A-68CA-8AEE-1FCF-333CC8FBD084}.Release|Any CPU.Build.0 = Release|Any CPU
		{EC2BC126-762A-6957-2E8B-2BF561310C62}.Debug|Any CPU.ActiveCfg = Debug|Any CPU
		{EC2BC126-762A-6957-2E8B-2BF561310C62}.Debug|Any CPU.Build.0 = Debug|Any CPU
		{EC2BC126-762A-6957-2E8B-2BF561310C62}.Release|Any CPU.ActiveCfg = Release|Any CPU
		{EC2BC126-762A-6957-2E8B-2BF561310C62}.Release|Any CPU.Build.0 = Release|Any CPU
		{7621D5AF-EED5-0BB5-D05A-E903398D4E7D}.Debug|Any CPU.ActiveCfg = Debug|Any CPU
		{7621D5AF-EED5-0BB5-D05A-E903398D4E7D}.Debug|Any CPU.Build.0 = Debug|Any CPU
		{7621D5AF-EED5-0BB5-D05A-E903398D4E7D}.Release|Any CPU.ActiveCfg = Release|Any CPU
		{7621D5AF-EED5-0BB5-D05A-E903398D4E7D}.Release|Any CPU.Build.0 = Release|Any CPU
		{9E9286CC-611A-2A28-C907-2706D49FE612}.Debug|Any CPU.ActiveCfg = Debug|Any CPU
		{9E9286CC-611A-2A28-C907-2706D49FE612}.Debug|Any CPU.Build.0 = Debug|Any CPU
		{9E9286CC-611A-2A28-C907-2706D49FE612}.Release|Any CPU.ActiveCfg = Release|Any CPU
		{9E9286CC-611A-2A28-C907-2706D49FE612}.Release|Any CPU.Build.0 = Release|Any CPU
		{B5553130-5D4B-6659-BF9D-4C53E0145402}.Debug|Any CPU.ActiveCfg = Debug|Any CPU
		{B5553130-5D4B-6659-BF9D-4C53E0145402}.Debug|Any CPU.Build.0 = Debug|Any CPU
		{B5553130-5D4B-6659-BF9D-4C53E0145402}.Release|Any CPU.ActiveCfg = Release|Any CPU
		{B5553130-5D4B-6659-BF9D-4C53E0145402}.Release|Any CPU.Build.0 = Release|Any CPU
		{F38066F1-BCD4-BF3D-A4AC-39070F998B3C}.Debug|Any CPU.ActiveCfg = Debug|Any CPU
		{F38066F1-BCD4-BF3D-A4AC-39070F998B3C}.Debug|Any CPU.Build.0 = Debug|Any CPU
		{F38066F1-BCD4-BF3D-A4AC-39070F998B3C}.Release|Any CPU.ActiveCfg = Release|Any CPU
		{F38066F1-BCD4-BF3D-A4AC-39070F998B3C}.Release|Any CPU.Build.0 = Release|Any CPU
		{0BCCC84C-C8E4-FE6F-DF2F-5B6382EAB0F1}.Debug|Any CPU.ActiveCfg = Debug|Any CPU
		{0BCCC84C-C8E4-FE6F-DF2F-5B6382EAB0F1}.Debug|Any CPU.Build.0 = Debug|Any CPU
		{0BCCC84C-C8E4-FE6F-DF2F-5B6382EAB0F1}.Release|Any CPU.ActiveCfg = Release|Any CPU
		{0BCCC84C-C8E4-FE6F-DF2F-5B6382EAB0F1}.Release|Any CPU.Build.0 = Release|Any CPU
		{51F8EDE9-8ECE-44C3-CA5C-E37BB910C249}.Debug|Any CPU.ActiveCfg = Debug|Any CPU
		{51F8EDE9-8ECE-44C3-CA5C-E37BB910C249}.Debug|Any CPU.Build.0 = Debug|Any CPU
		{51F8EDE9-8ECE-44C3-CA5C-E37BB910C249}.Release|Any CPU.ActiveCfg = Release|Any CPU
		{51F8EDE9-8ECE-44C3-CA5C-E37BB910C249}.Release|Any CPU.Build.0 = Release|Any CPU
		{81F3ACA4-4095-6AA9-0CBA-DA4F54901252}.Debug|Any CPU.ActiveCfg = Debug|Any CPU
		{81F3ACA4-4095-6AA9-0CBA-DA4F54901252}.Debug|Any CPU.Build.0 = Debug|Any CPU
		{81F3ACA4-4095-6AA9-0CBA-DA4F54901252}.Release|Any CPU.ActiveCfg = Release|Any CPU
		{81F3ACA4-4095-6AA9-0CBA-DA4F54901252}.Release|Any CPU.Build.0 = Release|Any CPU
		{60386787-5A37-DD0C-684B-BCE520D2500E}.Debug|Any CPU.ActiveCfg = Debug|Any CPU
		{60386787-5A37-DD0C-684B-BCE520D2500E}.Debug|Any CPU.Build.0 = Debug|Any CPU
		{60386787-5A37-DD0C-684B-BCE520D2500E}.Release|Any CPU.ActiveCfg = Release|Any CPU
		{60386787-5A37-DD0C-684B-BCE520D2500E}.Release|Any CPU.Build.0 = Release|Any CPU
		{6560970F-ED59-6FEE-9B8C-0D43B1713729}.Debug|Any CPU.ActiveCfg = Debug|Any CPU
		{6560970F-ED59-6FEE-9B8C-0D43B1713729}.Debug|Any CPU.Build.0 = Debug|Any CPU
		{6560970F-ED59-6FEE-9B8C-0D43B1713729}.Release|Any CPU.ActiveCfg = Release|Any CPU
		{6560970F-ED59-6FEE-9B8C-0D43B1713729}.Release|Any CPU.Build.0 = Release|Any CPU
		{DB4A7148-00FE-E851-31E1-DEC95DD1A076}.Debug|Any CPU.ActiveCfg = Debug|Any CPU
		{DB4A7148-00FE-E851-31E1-DEC95DD1A076}.Debug|Any CPU.Build.0 = Debug|Any CPU
		{DB4A7148-00FE-E851-31E1-DEC95DD1A076}.Release|Any CPU.ActiveCfg = Release|Any CPU
		{DB4A7148-00FE-E851-31E1-DEC95DD1A076}.Release|Any CPU.Build.0 = Release|Any CPU
		{44A16530-A1A7-9EA8-F940-F37877BD7132}.Debug|Any CPU.ActiveCfg = Debug|Any CPU
		{44A16530-A1A7-9EA8-F940-F37877BD7132}.Debug|Any CPU.Build.0 = Debug|Any CPU
		{44A16530-A1A7-9EA8-F940-F37877BD7132}.Release|Any CPU.ActiveCfg = Release|Any CPU
		{44A16530-A1A7-9EA8-F940-F37877BD7132}.Release|Any CPU.Build.0 = Release|Any CPU
		{64FD4F45-9087-9740-FCFC-7A11899B650D}.Debug|Any CPU.ActiveCfg = Debug|Any CPU
		{64FD4F45-9087-9740-FCFC-7A11899B650D}.Debug|Any CPU.Build.0 = Debug|Any CPU
		{64FD4F45-9087-9740-FCFC-7A11899B650D}.Release|Any CPU.ActiveCfg = Release|Any CPU
		{64FD4F45-9087-9740-FCFC-7A11899B650D}.Release|Any CPU.Build.0 = Release|Any CPU
		{CDC89496-92ED-1519-90AF-AE381E2B1338}.Debug|Any CPU.ActiveCfg = Debug|Any CPU
		{CDC89496-92ED-1519-90AF-AE381E2B1338}.Debug|Any CPU.Build.0 = Debug|Any CPU
		{CDC89496-92ED-1519-90AF-AE381E2B1338}.Release|Any CPU.ActiveCfg = Release|Any CPU
		{CDC89496-92ED-1519-90AF-AE381E2B1338}.Release|Any CPU.Build.0 = Release|Any CPU
		{401A4CF0-E148-5CC1-AD23-46B8F58536ED}.Debug|Any CPU.ActiveCfg = Debug|Any CPU
		{401A4CF0-E148-5CC1-AD23-46B8F58536ED}.Debug|Any CPU.Build.0 = Debug|Any CPU
		{401A4CF0-E148-5CC1-AD23-46B8F58536ED}.Release|Any CPU.ActiveCfg = Release|Any CPU
		{401A4CF0-E148-5CC1-AD23-46B8F58536ED}.Release|Any CPU.Build.0 = Release|Any CPU
		{E7B0F9F2-0069-16B4-ED17-4EED331B8631}.Debug|Any CPU.ActiveCfg = Debug|Any CPU
		{E7B0F9F2-0069-16B4-ED17-4EED331B8631}.Debug|Any CPU.Build.0 = Debug|Any CPU
		{E7B0F9F2-0069-16B4-ED17-4EED331B8631}.Release|Any CPU.ActiveCfg = Release|Any CPU
		{E7B0F9F2-0069-16B4-ED17-4EED331B8631}.Release|Any CPU.Build.0 = Release|Any CPU
		{C51C971D-B629-B8EB-FC2A-430A807F03CE}.Debug|Any CPU.ActiveCfg = Debug|Any CPU
		{C51C971D-B629-B8EB-FC2A-430A807F03CE}.Debug|Any CPU.Build.0 = Debug|Any CPU
		{C51C971D-B629-B8EB-FC2A-430A807F03CE}.Release|Any CPU.ActiveCfg = Release|Any CPU
		{C51C971D-B629-B8EB-FC2A-430A807F03CE}.Release|Any CPU.Build.0 = Release|Any CPU
		{A020D89B-E8C9-DCF9-A4E1-64E2FCF9F7B3}.Debug|Any CPU.ActiveCfg = Debug|Any CPU
		{A020D89B-E8C9-DCF9-A4E1-64E2FCF9F7B3}.Debug|Any CPU.Build.0 = Debug|Any CPU
		{A020D89B-E8C9-DCF9-A4E1-64E2FCF9F7B3}.Release|Any CPU.ActiveCfg = Release|Any CPU
		{A020D89B-E8C9-DCF9-A4E1-64E2FCF9F7B3}.Release|Any CPU.Build.0 = Release|Any CPU
		{F627EE5E-4509-7FD6-A255-AB496E2EA116}.Debug|Any CPU.ActiveCfg = Debug|Any CPU
		{F627EE5E-4509-7FD6-A255-AB496E2EA116}.Debug|Any CPU.Build.0 = Debug|Any CPU
		{F627EE5E-4509-7FD6-A255-AB496E2EA116}.Release|Any CPU.ActiveCfg = Release|Any CPU
		{F627EE5E-4509-7FD6-A255-AB496E2EA116}.Release|Any CPU.Build.0 = Release|Any CPU
		{0B95C873-5ED8-C2AC-529C-9FFC5693075B}.Debug|Any CPU.ActiveCfg = Debug|Any CPU
		{0B95C873-5ED8-C2AC-529C-9FFC5693075B}.Debug|Any CPU.Build.0 = Debug|Any CPU
		{0B95C873-5ED8-C2AC-529C-9FFC5693075B}.Release|Any CPU.ActiveCfg = Release|Any CPU
		{0B95C873-5ED8-C2AC-529C-9FFC5693075B}.Release|Any CPU.Build.0 = Release|Any CPU
	EndGlobalSection
	GlobalSection(SolutionProperties) = preSolution
		HideSolutionNode = FALSE
	EndGlobalSection
	GlobalSection(NestedProjects) = preSolution
		{909F6C3A-B0DA-C535-77F3-DC90567343B1} = {925EF7A6-BD2D-FD16-DA9B-B4A434F89C38}
		{03827A1E-55DC-69B0-E18E-59C8CD7B475B} = {925EF7A6-BD2D-FD16-DA9B-B4A434F89C38}
		{6A0E8227-F863-8BE3-BCED-1E6B3CEAEEFB} = {925EF7A6-BD2D-FD16-DA9B-B4A434F89C38}
		{9329D457-B476-0379-6138-A72CF71163F5} = {925EF7A6-BD2D-FD16-DA9B-B4A434F89C38}
		{2D63DFAF-FD93-3217-395A-74569E24597D} = {925EF7A6-BD2D-FD16-DA9B-B4A434F89C38}
		{83B146B4-7842-8315-64B4-457B1A90F22D} = {6939B314-D3B4-C33B-5397-68B81B6055FD}
		{A62CF296-10E9-1BFC-8394-9FB71BC55C78} = {83B146B4-7842-8315-64B4-457B1A90F22D}
		{DF44D66A-68CA-8AEE-1FCF-333CC8FBD084} = {A62CF296-10E9-1BFC-8394-9FB71BC55C78}
		{88737CE1-0AC5-8B29-89ED-A6751A79556D} = {925EF7A6-BD2D-FD16-DA9B-B4A434F89C38}
		{90E0E0D4-5887-E35E-1E1F-41FC0AFAF1A0} = {88737CE1-0AC5-8B29-89ED-A6751A79556D}
		{76C07A2B-3080-4CED-C235-FFFF57DDA8EC} = {90E0E0D4-5887-E35E-1E1F-41FC0AFAF1A0}
		{AC357575-283D-E3DB-CCFC-B4DE865E6EC0} = {76C07A2B-3080-4CED-C235-FFFF57DDA8EC}
		{4A042CB2-24D7-AF77-6346-C219B98FBB03} = {AC357575-283D-E3DB-CCFC-B4DE865E6EC0}
		{EC2BC126-762A-6957-2E8B-2BF561310C62} = {4A042CB2-24D7-AF77-6346-C219B98FBB03}
		{42081B46-8CEC-86D3-2CDB-D6A49BD381F2} = {90E0E0D4-5887-E35E-1E1F-41FC0AFAF1A0}
		{8D4E8A0D-3C2A-8716-E120-B36A5771C6BF} = {42081B46-8CEC-86D3-2CDB-D6A49BD381F2}
		{A78558D3-CF85-DC1B-1BE3-582973E578A1} = {8D4E8A0D-3C2A-8716-E120-B36A5771C6BF}
		{7621D5AF-EED5-0BB5-D05A-E903398D4E7D} = {A78558D3-CF85-DC1B-1BE3-582973E578A1}
		{D5CBE25F-7D60-B8DC-871C-2933DE27A705} = {90E0E0D4-5887-E35E-1E1F-41FC0AFAF1A0}
		{6379D86C-250A-2BFA-B530-37B2805BE690} = {D5CBE25F-7D60-B8DC-871C-2933DE27A705}
		{9E5E97FB-0C53-10DA-2656-68178EA25ABD} = {6379D86C-250A-2BFA-B530-37B2805BE690}
		{9E9286CC-611A-2A28-C907-2706D49FE612} = {9E5E97FB-0C53-10DA-2656-68178EA25ABD}
		{54B46DF4-8BE3-E87C-A798-F30CFF7E7686} = {90E0E0D4-5887-E35E-1E1F-41FC0AFAF1A0}
		{4FBD4715-2D26-4ED6-F3A4-5CBF0F73719B} = {54B46DF4-8BE3-E87C-A798-F30CFF7E7686}
		{AA4EAC65-FFE2-7CAD-7A3C-F6777376ABE1} = {4FBD4715-2D26-4ED6-F3A4-5CBF0F73719B}
		{B5553130-5D4B-6659-BF9D-4C53E0145402} = {AA4EAC65-FFE2-7CAD-7A3C-F6777376ABE1}
		{32BC74E0-B613-1FE0-807C-FE0FF646E8B0} = {90E0E0D4-5887-E35E-1E1F-41FC0AFAF1A0}
		{A5006822-F558-DE7F-35E9-AC1CD5D13799} = {32BC74E0-B613-1FE0-807C-FE0FF646E8B0}
		{A65A593C-A91D-4552-85A2-2CD73867293D} = {A5006822-F558-DE7F-35E9-AC1CD5D13799}
		{F38066F1-BCD4-BF3D-A4AC-39070F998B3C} = {A65A593C-A91D-4552-85A2-2CD73867293D}
		{220A76FE-1761-FE3E-06FA-0443FE3D8B9E} = {90E0E0D4-5887-E35E-1E1F-41FC0AFAF1A0}
		{A96A0A28-FCF4-5DC1-3BD9-A5B9D28A897C} = {220A76FE-1761-FE3E-06FA-0443FE3D8B9E}
		{FAEB79A1-A9F2-9574-D4CF-B1DA84937646} = {A96A0A28-FCF4-5DC1-3BD9-A5B9D28A897C}
		{0BCCC84C-C8E4-FE6F-DF2F-5B6382EAB0F1} = {FAEB79A1-A9F2-9574-D4CF-B1DA84937646}
		{2F375DCB-28C6-6A95-5CA8-7B8AEA19B677} = {90E0E0D4-5887-E35E-1E1F-41FC0AFAF1A0}
		{CA9D43C0-DEB2-FF58-6377-153B05C4AA6A} = {2F375DCB-28C6-6A95-5CA8-7B8AEA19B677}
		{FB537884-02F4-DEEA-3B30-67E7D2DC22CC} = {CA9D43C0-DEB2-FF58-6377-153B05C4AA6A}
		{51F8EDE9-8ECE-44C3-CA5C-E37BB910C249} = {FB537884-02F4-DEEA-3B30-67E7D2DC22CC}
		{0644BE42-D5CB-B235-266E-9D6E5816208A} = {90E0E0D4-5887-E35E-1E1F-41FC0AFAF1A0}
		{719B4C2A-DC7C-AEE2-53F4-92032D1193D3} = {0644BE42-D5CB-B235-266E-9D6E5816208A}
		{DA179B6C-1D9C-450A-DDD8-C4A9F32D6AA4} = {719B4C2A-DC7C-AEE2-53F4-92032D1193D3}
		{81F3ACA4-4095-6AA9-0CBA-DA4F54901252} = {DA179B6C-1D9C-450A-DDD8-C4A9F32D6AA4}
		{00817585-B730-A00E-5157-2DE2F33B42F1} = {90E0E0D4-5887-E35E-1E1F-41FC0AFAF1A0}
		{F032D1A6-600D-B16E-EC5C-262ADE7E8027} = {00817585-B730-A00E-5157-2DE2F33B42F1}
		{6B514416-3965-870E-E41C-4E5817453DFC} = {F032D1A6-600D-B16E-EC5C-262ADE7E8027}
		{60386787-5A37-DD0C-684B-BCE520D2500E} = {6B514416-3965-870E-E41C-4E5817453DFC}
		{C7820B1D-F78A-C97A-1C1B-B95641782ADB} = {90E0E0D4-5887-E35E-1E1F-41FC0AFAF1A0}
		{E88D5F18-41D5-F3F4-903A-3C200179D4AC} = {C7820B1D-F78A-C97A-1C1B-B95641782ADB}
		{C92FD23D-1AD9-F4D3-43F4-4F4EFFEC58A8} = {E88D5F18-41D5-F3F4-903A-3C200179D4AC}
		{6560970F-ED59-6FEE-9B8C-0D43B1713729} = {C92FD23D-1AD9-F4D3-43F4-4F4EFFEC58A8}
		{B58F6136-348A-9D90-0898-C9F31ED058C9} = {90E0E0D4-5887-E35E-1E1F-41FC0AFAF1A0}
		{5ED649F6-CF32-CAF4-050D-514BEBB2A60A} = {B58F6136-348A-9D90-0898-C9F31ED058C9}
		{5D4C5CCC-C42C-DA6A-946F-6CE6B57F5061} = {5ED649F6-CF32-CAF4-050D-514BEBB2A60A}
		{DB4A7148-00FE-E851-31E1-DEC95DD1A076} = {5D4C5CCC-C42C-DA6A-946F-6CE6B57F5061}
		{50AD46BD-18E3-EEF4-9E4D-5EAACBF93A0D} = {90E0E0D4-5887-E35E-1E1F-41FC0AFAF1A0}
		{DF7C2E32-2F82-A4B8-E4B1-A776F058BD64} = {50AD46BD-18E3-EEF4-9E4D-5EAACBF93A0D}
		{25B3C4CB-6937-EA45-D3B7-4EEB9943ED49} = {DF7C2E32-2F82-A4B8-E4B1-A776F058BD64}
		{44A16530-A1A7-9EA8-F940-F37877BD7132} = {25B3C4CB-6937-EA45-D3B7-4EEB9943ED49}
		{5435CD92-59DC-1811-D34F-2C618970237B} = {90E0E0D4-5887-E35E-1E1F-41FC0AFAF1A0}
		{DAB0A71D-9AC0-A87B-8E7D-152794FF1F25} = {5435CD92-59DC-1811-D34F-2C618970237B}
		{03E4489F-19EA-11ED-E4AD-E591F29F2CAC} = {DAB0A71D-9AC0-A87B-8E7D-152794FF1F25}
		{64FD4F45-9087-9740-FCFC-7A11899B650D} = {03E4489F-19EA-11ED-E4AD-E591F29F2CAC}
		{DE02DDD9-07DC-2C01-29DA-4D8A39A11104} = {90E0E0D4-5887-E35E-1E1F-41FC0AFAF1A0}
		{CFA329E4-ADE3-1CB0-B0D0-D65CBBE6FCB5} = {DE02DDD9-07DC-2C01-29DA-4D8A39A11104}
		{85E37805-2552-3AA5-90EA-43234B88AB65} = {CFA329E4-ADE3-1CB0-B0D0-D65CBBE6FCB5}
		{CDC89496-92ED-1519-90AF-AE381E2B1338} = {85E37805-2552-3AA5-90EA-43234B88AB65}
		{D69ECA31-CF17-CE84-BB76-C2D66A48F4D0} = {90E0E0D4-5887-E35E-1E1F-41FC0AFAF1A0}
		{0AD786D7-1274-9A78-1D19-43ED3758C8CE} = {D69ECA31-CF17-CE84-BB76-C2D66A48F4D0}
		{48FBF8CA-2F83-E81F-3C84-08189D3619EA} = {0AD786D7-1274-9A78-1D19-43ED3758C8CE}
		{401A4CF0-E148-5CC1-AD23-46B8F58536ED} = {48FBF8CA-2F83-E81F-3C84-08189D3619EA}
		{53CCB036-886D-2BB1-47FE-64137F80E4E2} = {90E0E0D4-5887-E35E-1E1F-41FC0AFAF1A0}
		{FC70DD1D-8241-ABC9-4D85-F5433BBDB398} = {53CCB036-886D-2BB1-47FE-64137F80E4E2}
		{5F43587A-C505-5F8D-34EC-6C71A321A097} = {FC70DD1D-8241-ABC9-4D85-F5433BBDB398}
		{E7B0F9F2-0069-16B4-ED17-4EED331B8631} = {5F43587A-C505-5F8D-34EC-6C71A321A097}
		{B95DA11A-1DCC-B28E-E3E9-DE2C25EC2051} = {90E0E0D4-5887-E35E-1E1F-41FC0AFAF1A0}
		{2AE3522A-FAED-1E42-00AF-E7FF485D1E9A} = {B95DA11A-1DCC-B28E-E3E9-DE2C25EC2051}
		{016BF06D-5563-B5B6-CDDD-1D9A023DAE18} = {2AE3522A-FAED-1E42-00AF-E7FF485D1E9A}
		{C51C971D-B629-B8EB-FC2A-430A807F03CE} = {016BF06D-5563-B5B6-CDDD-1D9A023DAE18}
		{FF32AB2C-1FAB-324F-EA62-6CEFD3E8F544} = {90E0E0D4-5887-E35E-1E1F-41FC0AFAF1A0}
		{DEDD56F3-DF1C-F3DB-C85D-12207D194F65} = {FF32AB2C-1FAB-324F-EA62-6CEFD3E8F544}
		{75CC7B0F-5B3F-FA5C-B12E-135A1DC14B6C} = {DEDD56F3-DF1C-F3DB-C85D-12207D194F65}
		{A020D89B-E8C9-DCF9-A4E1-64E2FCF9F7B3} = {75CC7B0F-5B3F-FA5C-B12E-135A1DC14B6C}
		{F417FDFA-39D5-B70A-1FAA-FB8340A97A64} = {90E0E0D4-5887-E35E-1E1F-41FC0AFAF1A0}
		{27B6336E-7BF6-EEE8-758F-64AA994DB928} = {F417FDFA-39D5-B70A-1FAA-FB8340A97A64}
		{A4D8C659-7807-CC31-B32B-FF1D5441771C} = {27B6336E-7BF6-EEE8-758F-64AA994DB928}
		{F627EE5E-4509-7FD6-A255-AB496E2EA116} = {A4D8C659-7807-CC31-B32B-FF1D5441771C}
		{6D1451C8-859F-566C-0B92-57756AF6E6C2} = {90E0E0D4-5887-E35E-1E1F-41FC0AFAF1A0}
		{447B5F19-DACA-426B-A395-7F15AA7E748C} = {6D1451C8-859F-566C-0B92-57756AF6E6C2}
		{630C4C63-E0DA-97A9-3C0B-BE5100EDC07A} = {447B5F19-DACA-426B-A395-7F15AA7E748C}
		{0B95C873-5ED8-C2AC-529C-9FFC5693075B} = {630C4C63-E0DA-97A9-3C0B-BE5100EDC07A}
	EndGlobalSection
	GlobalSection(ExtensibilityGlobals) = postSolution
		SolutionGuid = {09B75065-15F6-4C89-B550-56BDE19FD24A}
	EndGlobalSection
EndGlobal
